
Microsoft Visual Studio Solution File, Format Version 12.00
# Visual Studio Version 17
VisualStudioVersion = 17.2.32616.157
MinimumVisualStudioVersion = 10.0.40219.1
Project("{9A19103F-16F7-4668-BE54-9A1E7A4F7556}") = "task1", "task1.csproj", "{B90625C7-FBC3-4E43-A231-91A017E55066}"
EndProject
Project("{FAE04EC0-301F-11D3-BF4B-00C04F79EFBC}") = "Task1.Tests", "..\Task1.Tests\Task1.Tests.csproj", "{ADF3367C-9755-4F60-821C-832ED75ADAF6}"
EndProject
Global
	GlobalSection(SolutionConfigurationPlatforms) = preSolution
		Debug|Any CPU = Debug|Any CPU
		Release|Any CPU = Release|Any CPU
	EndGlobalSection
	GlobalSection(ProjectConfigurationPlatforms) = postSolution
		{B90625C7-FBC3-4E43-A231-91A017E55066}.Debug|Any CPU.ActiveCfg = Debug|Any CPU
		{B90625C7-FBC3-4E43-A231-91A017E55066}.Debug|Any CPU.Build.0 = Debug|Any CPU
		{B90625C7-FBC3-4E43-A231-91A017E55066}.Release|Any CPU.ActiveCfg = Release|Any CPU
		{B90625C7-FBC3-4E43-A231-91A017E55066}.Release|Any CPU.Build.0 = Release|Any CPU
		{ADF3367C-9755-4F60-821C-832ED75ADAF6}.Debug|Any CPU.ActiveCfg = Debug|Any CPU
		{ADF3367C-9755-4F60-821C-832ED75ADAF6}.Debug|Any CPU.Build.0 = Debug|Any CPU
		{ADF3367C-9755-4F60-821C-832ED75ADAF6}.Release|Any CPU.ActiveCfg = Release|Any CPU
		{ADF3367C-9755-4F60-821C-832ED75ADAF6}.Release|Any CPU.Build.0 = Release|Any CPU
	EndGlobalSection
	GlobalSection(SolutionProperties) = preSolution
		HideSolutionNode = FALSE
	EndGlobalSection
	GlobalSection(ExtensibilityGlobals) = postSolution
		SolutionGuid = {06619E54-26DE-4A37-8883-4F1256462E83}
	EndGlobalSection
EndGlobal
